
Microsoft Visual Studio Solution File, Format Version 12.00
# Visual Studio Version 16
VisualStudioVersion = 16.0.30804.86
MinimumVisualStudioVersion = 10.0.40219.1
Project("{FAE04EC0-301F-11D3-BF4B-00C04F79EFBC}") = "OsnovnaSredstva", "OsnovnaSredstva\OsnovnaSredstva.csproj", "{DD1FA4E4-7D05-4128-A663-6E763FBE101F}"
EndProject
Global
	GlobalSection(SolutionConfigurationPlatforms) = preSolution
		Debug|Any CPU = Debug|Any CPU
		Release|Any CPU = Release|Any CPU
	EndGlobalSection
	GlobalSection(ProjectConfigurationPlatforms) = postSolution
		{DD1FA4E4-7D05-4128-A663-6E763FBE101F}.Debug|Any CPU.ActiveCfg = Debug|Any CPU
		{DD1FA4E4-7D05-4128-A663-6E763FBE101F}.Debug|Any CPU.Build.0 = Debug|Any CPU
		{DD1FA4E4-7D05-4128-A663-6E763FBE101F}.Release|Any CPU.ActiveCfg = Release|Any CPU
		{DD1FA4E4-7D05-4128-A663-6E763FBE101F}.Release|Any CPU.Build.0 = Release|Any CPU
	EndGlobalSection
	GlobalSection(SolutionProperties) = preSolution
		HideSolutionNode = FALSE
	EndGlobalSection
	GlobalSection(ExtensibilityGlobals) = postSolution
		SolutionGuid = {BC8C9C13-CAEA-4C0E-A40A-F51FC2377928}
	EndGlobalSection
EndGlobal
